// !$*UTF8*$!
{
	archiveVersion = 1;
	classes = {
	};
	objectVersion = 46;
	objects = {

/* Begin PBXBuildFile section */
		818CEEBB1B5E3014003B9856 /* main.m in Sources */ = {isa = PBXBuildFile; fileRef = 818CEEBA1B5E3014003B9856 /* main.m */; };
		818CEEBE1B5E3014003B9856 /* AppDelegate.m in Sources */ = {isa = PBXBuildFile; fileRef = 818CEEBD1B5E3014003B9856 /* AppDelegate.m */; };
		818CEEC11B5E3014003B9856 /* ViewController.m in Sources */ = {isa = PBXBuildFile; fileRef = 818CEEC01B5E3014003B9856 /* ViewController.m */; };
		818CEEC41B5E3014003B9856 /* Main.storyboard in Resources */ = {isa = PBXBuildFile; fileRef = 818CEEC21B5E3014003B9856 /* Main.storyboard */; };
		818CEEC61B5E3014003B9856 /* Images.xcassets in Resources */ = {isa = PBXBuildFile; fileRef = 818CEEC51B5E3014003B9856 /* Images.xcassets */; };
		818CEEC91B5E3014003B9856 /* LaunchScreen.xib in Resources */ = {isa = PBXBuildFile; fileRef = 818CEEC71B5E3014003B9856 /* LaunchScreen.xib */; };
		818CEED51B5E3014003B9856 /* TestTests.m in Sources */ = {isa = PBXBuildFile; fileRef = 818CEED41B5E3014003B9856 /* TestTests.m */; };
/* End PBXBuildFile section */

/* Begin PBXContainerItemProxy section */
		818CEECF1B5E3014003B9856 /* PBXContainerItemProxy */ = {
			isa = PBXContainerItemProxy;
			containerPortal = 818CEEAD1B5E3014003B9856 /* Project object */;
			proxyType = 1;
			remoteGlobalIDString = 818CEEB41B5E3014003B9856;
			remoteInfo = Test;
		};
/* End PBXContainerItemProxy section */

/* Begin PBXFileReference section */
		818CEEB51B5E3014003B9856 /* Test.app */ = {isa = PBXFileReference; explicitFileType = wrapper.application; includeInIndex = 0; path = Test.app; sourceTree = BUILT_PRODUCTS_DIR; };
		818CEEB91B5E3014003B9856 /* Info.plist */ = {isa = PBXFileReference; lastKnownFileType = text.plist.xml; path = Info.plist; sourceTree = "<group>"; };
		818CEEBA1B5E3014003B9856 /* main.m */ = {isa = PBXFileReference; lastKnownFileType = sourcecode.c.objc; path = main.m; sourceTree = "<group>"; };
		818CEEBC1B5E3014003B9856 /* AppDelegate.h */ = {isa = PBXFileReference; lastKnownFileType = sourcecode.c.h; path = AppDelegate.h; sourceTree = "<group>"; };
		818CEEBD1B5E3014003B9856 /* AppDelegate.m */ = {isa = PBXFileReference; lastKnownFileType = sourcecode.c.objc; path = AppDelegate.m; sourceTree = "<group>"; };
		818CEEBF1B5E3014003B9856 /* ViewController.h */ = {isa = PBXFileReference; lastKnownFileType = sourcecode.c.h; path = ViewController.h; sourceTree = "<group>"; };
		818CEEC01B5E3014003B9856 /* ViewController.m */ = {isa = PBXFileReference; lastKnownFileType = sourcecode.c.objc; path = ViewController.m; sourceTree = "<group>"; };
		818CEEC31B5E3014003B9856 /* Base */ = {isa = PBXFileReference; lastKnownFileType = file.storyboard; name = Base; path = Base.lproj/Main.storyboard; sourceTree = "<group>"; };
		818CEEC51B5E3014003B9856 /* Images.xcassets */ = {isa = PBXFileReference; lastKnownFileType = folder.assetcatalog; path = Images.xcassets; sourceTree = "<group>"; };
		818CEEC81B5E3014003B9856 /* Base */ = {isa = PBXFileReference; lastKnownFileType = file.xib; name = Base; path = Base.lproj/LaunchScreen.xib; sourceTree = "<group>"; };
		818CEECE1B5E3014003B9856 /* TestTests.xctest */ = {isa = PBXFileReference; explicitFileType = wrapper.cfbundle; includeInIndex = 0; path = TestTests.xctest; sourceTree = BUILT_PRODUCTS_DIR; };
		818CEED31B5E3014003B9856 /* Info.plist */ = {isa = PBXFileReference; lastKnownFileType = text.plist.xml; path = Info.plist; sourceTree = "<group>"; };
		818CEED41B5E3014003B9856 /* TestTests.m */ = {isa = PBXFileReference; lastKnownFileType = sourcecode.c.objc; path = TestTests.m; sourceTree = "<group>"; };
/* End PBXFileReference section */

/* Begin PBXFrameworksBuildPhase section */
		818CEEB21B5E3014003B9856 /* Frameworks */ = {
			isa = PBXFrameworksBuildPhase;
			buildActionMask = 2147483647;
			files = (
			);
			runOnlyForDeploymentPostprocessing = 0;
		};
		818CEECB1B5E3014003B9856 /* Frameworks */ = {
			isa = PBXFrameworksBuildPhase;
			buildActionMask = 2147483647;
			files = (
			);
			runOnlyForDeploymentPostprocessing = 0;
		};
/* End PBXFrameworksBuildPhase section */

/* Begin PBXGroup section */
		818CEEAC1B5E3014003B9856 = {
			isa = PBXGroup;
			children = (
				818CEEB71B5E3014003B9856 /* Test */,
				818CEED11B5E3014003B9856 /* TestTests */,
				818CEEB61B5E3014003B9856 /* Products */,
			);
			sourceTree = "<group>";
		};
		818CEEB61B5E3014003B9856 /* Products */ = {
			isa = PBXGroup;
			children = (
				818CEEB51B5E3014003B9856 /* Test.app */,
				818CEECE1B5E3014003B9856 /* TestTests.xctest */,
			);
			name = Products;
			sourceTree = "<group>";
		};
		818CEEB71B5E3014003B9856 /* Test */ = {
			isa = PBXGroup;
			children = (
				818CEEBC1B5E3014003B9856 /* AppDelegate.h */,
				818CEEBD1B5E3014003B9856 /* AppDelegate.m */,
				818CEEBF1B5E3014003B9856 /* ViewController.h */,
				818CEEC01B5E3014003B9856 /* ViewController.m */,
				818CEEC21B5E3014003B9856 /* Main.storyboard */,
				818CEEC51B5E3014003B9856 /* Images.xcassets */,
				818CEEC71B5E3014003B9856 /* LaunchScreen.xib */,
				818CEEB81B5E3014003B9856 /* Supporting Files */,
			);
			path = Test;
			sourceTree = "<group>";
		};
		818CEEB81B5E3014003B9856 /* Supporting Files */ = {
			isa = PBXGroup;
			children = (
				818CEEB91B5E3014003B9856 /* Info.plist */,
				818CEEBA1B5E3014003B9856 /* main.m */,
			);
			name = "Supporting Files";
			sourceTree = "<group>";
		};
		818CEED11B5E3014003B9856 /* TestTests */ = {
			isa = PBXGroup;
			children = (
				818CEED41B5E3014003B9856 /* TestTests.m */,
				818CEED21B5E3014003B9856 /* Supporting Files */,
			);
			path = TestTests;
			sourceTree = "<group>";
		};
		818CEED21B5E3014003B9856 /* Supporting Files */ = {
			isa = PBXGroup;
			children = (
				818CEED31B5E3014003B9856 /* Info.plist */,
			);
			name = "Supporting Files";
			sourceTree = "<group>";
		};
/* End PBXGroup section */

/* Begin PBXNativeTarget section */
		818CEEB41B5E3014003B9856 /* Test */ = {
			isa = PBXNativeTarget;
			buildConfigurationList = 818CEED81B5E3014003B9856 /* Build configuration list for PBXNativeTarget "Test" */;
			buildPhases = (
				818CEEB11B5E3014003B9856 /* Sources */,
				818CEEB21B5E3014003B9856 /* Frameworks */,
				818CEEB31B5E3014003B9856 /* Resources */,
			);
			buildRules = (
			);
			dependencies = (
			);
			name = Test;
			productName = Test;
			productReference = 818CEEB51B5E3014003B9856 /* Test.app */;
			productType = "com.apple.product-type.application";
		};
		818CEECD1B5E3014003B9856 /* TestTests */ = {
			isa = PBXNativeTarget;
			buildConfigurationList = 818CEEDB1B5E3014003B9856 /* Build configuration list for PBXNativeTarget "TestTests" */;
			buildPhases = (
				818CEECA1B5E3014003B9856 /* Sources */,
				818CEECB1B5E3014003B9856 /* Frameworks */,
				818CEECC1B5E3014003B9856 /* Resources */,
			);
			buildRules = (
			);
			dependencies = (
				818CEED01B5E3014003B9856 /* PBXTargetDependency */,
			);
			name = TestTests;
			productName = TestTests;
			productReference = 818CEECE1B5E3014003B9856 /* TestTests.xctest */;
			productType = "com.apple.product-type.bundle.unit-test";
		};
/* End PBXNativeTarget section */

/* Begin PBXProject section */
		818CEEAD1B5E3014003B9856 /* Project object */ = {
			isa = PBXProject;
			attributes = {
				LastUpgradeCheck = 0630;
				ORGANIZATIONNAME = xucheng;
				TargetAttributes = {
					818CEEB41B5E3014003B9856 = {
						CreatedOnToolsVersion = 6.3;
					};
					818CEECD1B5E3014003B9856 = {
						CreatedOnToolsVersion = 6.3;
						TestTargetID = 818CEEB41B5E3014003B9856;
					};
				};
			};
			buildConfigurationList = 818CEEB01B5E3014003B9856 /* Build configuration list for PBXProject "Test" */;
			compatibilityVersion = "Xcode 3.2";
			developmentRegion = English;
			hasScannedForEncodings = 0;
			knownRegions = (
				en,
				Base,
			);
			mainGroup = 818CEEAC1B5E3014003B9856;
			productRefGroup = 818CEEB61B5E3014003B9856 /* Products */;
			projectDirPath = "";
			projectRoot = "";
			targets = (
				818CEEB41B5E3014003B9856 /* Test */,
				818CEECD1B5E3014003B9856 /* TestTests */,
			);
		};
/* End PBXProject section */

/* Begin PBXResourcesBuildPhase section */
		818CEEB31B5E3014003B9856 /* Resources */ = {
			isa = PBXResourcesBuildPhase;
			buildActionMask = 2147483647;
			files = (
				818CEEC41B5E3014003B9856 /* Main.storyboard in Resources */,
				818CEEC91B5E3014003B9856 /* LaunchScreen.xib in Resources */,
				818CEEC61B5E3014003B9856 /* Images.xcassets in Resources */,
			);
			runOnlyForDeploymentPostprocessing = 0;
		};
		818CEECC1B5E3014003B9856 /* Resources */ = {
			isa = PBXResourcesBuildPhase;
			buildActionMask = 2147483647;
			files = (
			);
			runOnlyForDeploymentPostprocessing = 0;
		};
/* End PBXResourcesBuildPhase section */

/* Begin PBXSourcesBuildPhase section */
		818CEEB11B5E3014003B9856 /* Sources */ = {
			isa = PBXSourcesBuildPhase;
			buildActionMask = 2147483647;
			files = (
				818CEEC11B5E3014003B9856 /* ViewController.m in Sources */,
				818CEEBE1B5E3014003B9856 /* AppDelegate.m in Sources */,
				818CEEBB1B5E3014003B9856 /* main.m in Sources */,
			);
			runOnlyForDeploymentPostprocessing = 0;
		};
		818CEECA1B5E3014003B9856 /* Sources */ = {
			isa = PBXSourcesBuildPhase;
			buildActionMask = 2147483647;
			files = (
				818CEED51B5E3014003B9856 /* TestTests.m in Sources */,
			);
			runOnlyForDeploymentPostprocessing = 0;
		};
/* End PBXSourcesBuildPhase section */

/* Begin PBXTargetDependency section */
		818CEED01B5E3014003B9856 /* PBXTargetDependency */ = {
			isa = PBXTargetDependency;
			target = 818CEEB41B5E3014003B9856 /* Test */;
			targetProxy = 818CEECF1B5E3014003B9856 /* PBXContainerItemProxy */;
		};
/* End PBXTargetDependency section */

/* Begin PBXVariantGroup section */
		818CEEC21B5E3014003B9856 /* Main.storyboard */ = {
			isa = PBXVariantGroup;
			children = (
				818CEEC31B5E3014003B9856 /* Base */,
			);
			name = Main.storyboard;
			sourceTree = "<group>";
		};
		818CEEC71B5E3014003B9856 /* LaunchScreen.xib */ = {
			isa = PBXVariantGroup;
			children = (
				818CEEC81B5E3014003B9856 /* Base */,
			);
			name = LaunchScreen.xib;
			sourceTree = "<group>";
		};
/* End PBXVariantGroup section */

/* Begin XCBuildConfiguration section */
		818CEED61B5E3014003B9856 /* Debug */ = {
			isa = XCBuildConfiguration;
			buildSettings = {
				ALWAYS_SEARCH_USER_PATHS = NO;
				CLANG_CXX_LANGUAGE_STANDARD = "gnu++0x";
				CLANG_CXX_LIBRARY = "libc++";
				CLANG_ENABLE_MODULES = YES;
				CLANG_ENABLE_OBJC_ARC = YES;
				CLANG_WARN_BOOL_CONVERSION = YES;
				CLANG_WARN_CONSTANT_CONVERSION = YES;
				CLANG_WARN_DIRECT_OBJC_ISA_USAGE = YES_ERROR;
				CLANG_WARN_EMPTY_BODY = YES;
				CLANG_WARN_ENUM_CONVERSION = YES;
				CLANG_WARN_INT_CONVERSION = YES;
				CLANG_WARN_OBJC_ROOT_CLASS = YES_ERROR;
				CLANG_WARN_UNREACHABLE_CODE = YES;
				CLANG_WARN__DUPLICATE_METHOD_MATCH = YES;
				"CODE_SIGN_IDENTITY[sdk=iphoneos*]" = "iPhone Developer";
				COPY_PHASE_STRIP = NO;
				DEBUG_INFORMATION_FORMAT = "dwarf-with-dsym";
				ENABLE_STRICT_OBJC_MSGSEND = YES;
				GCC_C_LANGUAGE_STANDARD = gnu99;
				GCC_DYNAMIC_NO_PIC = NO;
				GCC_NO_COMMON_BLOCKS = YES;
				GCC_OPTIMIZATION_LEVEL = 0;
				GCC_PREPROCESSOR_DEFINITIONS = (
					"DEBUG=1",
					"$(inherited)",
				);
				GCC_SYMBOLS_PRIVATE_EXTERN = NO;
				GCC_WARN_64_TO_32_BIT_CONVERSION = YES;
				GCC_WARN_ABOUT_RETURN_TYPE = YES_ERROR;
				GCC_WARN_UNDECLARED_SELECTOR = YES;
				GCC_WARN_UNINITIALIZED_AUTOS = YES_AGGRESSIVE;
				GCC_WARN_UNUSED_FUNCTION = YES;
				GCC_WARN_UNUSED_VARIABLE = YES;
				IPHONEOS_DEPLOYMENT_TARGET = 8.3;
				MTL_ENABLE_DEBUG_INFO = YES;
				ONLY_ACTIVE_ARCH = YES;
				SDKROOT = iphoneos;
			};
			name = Debug;
		};
		818CEED71B5E3014003B9856 /* Release */ = {
			isa = XCBuildConfiguration;
			buildSettings = {
				ALWAYS_SEARCH_USER_PATHS = NO;
				CLANG_CXX_LANGUAGE_STANDARD = "gnu++0x";
				CLANG_CXX_LIBRARY = "libc++";
				CLANG_ENABLE_MODULES = YES;
				CLANG_ENABLE_OBJC_ARC = YES;
				CLANG_WARN_BOOL_CONVERSION = YES;
				CLANG_WARN_CONSTANT_CONVERSION = YES;
				CLANG_WARN_DIRECT_OBJC_ISA_USAGE = YES_ERROR;
				CLANG_WARN_EMPTY_BODY = YES;
				CLANG_WARN_ENUM_CONVERSION = YES;
				CLANG_WARN_INT_CONVERSION = YES;
				CLANG_WARN_OBJC_ROOT_CLASS = YES_ERROR;
				CLANG_WARN_UNREACHABLE_CODE = YES;
				CLANG_WARN__DUPLICATE_METHOD_MATCH = YES;
				"CODE_SIGN_IDENTITY[sdk=iphoneos*]" = "iPhone Developer";
				COPY_PHASE_STRIP = NO;
				DEBUG_INFORMATION_FORMAT = "dwarf-with-dsym";
				ENABLE_NS_ASSERTIONS = NO;
				ENABLE_STRICT_OBJC_MSGSEND = YES;
				GCC_C_LANGUAGE_STANDARD = gnu99;
				GCC_NO_COMMON_BLOCKS = YES;
				GCC_WARN_64_TO_32_BIT_CONVERSION = YES;
				GCC_WARN_ABOUT_RETURN_TYPE = YES_ERROR;
				GCC_WARN_UNDECLARED_SELECTOR = YES;
				GCC_WARN_UNINITIALIZED_AUTOS = YES_AGGRESSIVE;
				GCC_WARN_UNUSED_FUNCTION = YES;
				GCC_WARN_UNUSED_VARIABLE = YES;
				IPHONEOS_DEPLOYMENT_TARGET = 8.3;
				MTL_ENABLE_DEBUG_INFO = NO;
				SDKROOT = iphoneos;
				VALIDATE_PRODUCT = YES;
			};
			name = Release;
		};
		818CEED91B5E3014003B9856 /* Debug */ = {
			isa = XCBuildConfiguration;
			buildSettings = {
				ASSETCATALOG_COMPILER_APPICON_NAME = AppIcon;
				INFOPLIST_FILE = Test/Info.plist;
				LD_RUNPATH_SEARCH_PATHS = "$(inherited) @executable_path/Frameworks";
				PRODUCT_NAME = "$(TARGET_NAME)";
			};
			name = Debug;
		};
		818CEEDA1B5E3014003B9856 /* Release */ = {
			isa = XCBuildConfiguration;
			buildSettings = {
				ASSETCATALOG_COMPILER_APPICON_NAME = AppIcon;
				INFOPLIST_FILE = Test/Info.plist;
				LD_RUNPATH_SEARCH_PATHS = "$(inherited) @executable_path/Frameworks";
				PRODUCT_NAME = "$(TARGET_NAME)";
			};
			name = Release;
		};
		818CEEDC1B5E3014003B9856 /* Debug */ = {
			isa = XCBuildConfiguration;
			buildSettings = {
				BUNDLE_LOADER = "$(TEST_HOST)";
				FRAMEWORK_SEARCH_PATHS = (
					"$(SDKROOT)/Developer/Library/Frameworks",
					"$(inherited)",
				);
				GCC_PREPROCESSOR_DEFINITIONS = (
					"DEBUG=1",
					"$(inherited)",
				);
				INFOPLIST_FILE = TestTests/Info.plist;
				LD_RUNPATH_SEARCH_PATHS = "$(inherited) @executable_path/Frameworks @loader_path/Frameworks";
				PRODUCT_NAME = "$(TARGET_NAME)";
				TEST_HOST = "$(BUILT_PRODUCTS_DIR)/Test.app/Test";
			};
			name = Debug;
		};
		818CEEDD1B5E3014003B9856 /* Release */ = {
			isa = XCBuildConfiguration;
			buildSettings = {
				BUNDLE_LOADER = "$(TEST_HOST)";
				FRAMEWORK_SEARCH_PATHS = (
					"$(SDKROOT)/Developer/Library/Frameworks",
					"$(inherited)",
				);
				INFOPLIST_FILE = TestTests/Info.plist;
				LD_RUNPATH_SEARCH_PATHS = "$(inherited) @executable_path/Frameworks @loader_path/Frameworks";
				PRODUCT_NAME = "$(TARGET_NAME)";
				TEST_HOST = "$(BUILT_PRODUCTS_DIR)/Test.app/Test";
			};
			name = Release;
		};
/* End XCBuildConfiguration section */

/* Begin XCConfigurationList section */
		818CEEB01B5E3014003B9856 /* Build configuration list for PBXProject "Test" */ = {
			isa = XCConfigurationList;
			buildConfigurations = (
				818CEED61B5E3014003B9856 /* Debug */,
				818CEED71B5E3014003B9856 /* Release */,
			);
			defaultConfigurationIsVisible = 0;
			defaultConfigurationName = Release;
		};
		818CEED81B5E3014003B9856 /* Build configuration list for PBXNativeTarget "Test" */ = {
			isa = XCConfigurationList;
			buildConfigurations = (
				818CEED91B5E3014003B9856 /* Debug */,
				818CEEDA1B5E3014003B9856 /* Release */,
			);
			defaultConfigurationIsVisible = 0;
		};
		818CEEDB1B5E3014003B9856 /* Build configuration list for PBXNativeTarget "TestTests" */ = {
			isa = XCConfigurationList;
			buildConfigurations = (
				818CEEDC1B5E3014003B9856 /* Debug */,
				818CEEDD1B5E3014003B9856 /* Release */,
			);
			defaultConfigurationIsVisible = 0;
		};
/* End XCConfigurationList section */
	};
	rootObject = 818CEEAD1B5E3014003B9856 /* Project object */;
}
